
Microsoft Visual Studio Solution File, Format Version 12.00
# Visual Studio 15
VisualStudioVersion = 15.0.27428.2015
MinimumVisualStudioVersion = 10.0.40219.1
Project("{FAE04EC0-301F-11D3-BF4B-00C04F79EFBC}") = "Altkom.BPSC.ShopPracz.Models", "Altkom.BPSC.ShopPracz.Models\Altkom.BPSC.ShopPracz.Models.csproj", "{CE9AC9AC-5C47-4147-8BDC-AF26E68ECF04}"
EndProject
Global
	GlobalSection(SolutionConfigurationPlatforms) = preSolution
		Debug|Any CPU = Debug|Any CPU
		Release|Any CPU = Release|Any CPU
	EndGlobalSection
	GlobalSection(ProjectConfigurationPlatforms) = postSolution
		{CE9AC9AC-5C47-4147-8BDC-AF26E68ECF04}.Debug|Any CPU.ActiveCfg = Debug|Any CPU
		{CE9AC9AC-5C47-4147-8BDC-AF26E68ECF04}.Debug|Any CPU.Build.0 = Debug|Any CPU
		{CE9AC9AC-5C47-4147-8BDC-AF26E68ECF04}.Release|Any CPU.ActiveCfg = Release|Any CPU
		{CE9AC9AC-5C47-4147-8BDC-AF26E68ECF04}.Release|Any CPU.Build.0 = Release|Any CPU
	EndGlobalSection
	GlobalSection(SolutionProperties) = preSolution
		HideSolutionNode = FALSE
	EndGlobalSection
	GlobalSection(ExtensibilityGlobals) = postSolution
		SolutionGuid = {6FB2F507-26EF-4CE9-BAD8-132FCC0C23DB}
	EndGlobalSection
EndGlobal
